// !$*UTF8*$!
{
	archiveVersion = 1;
	classes = {
	};
	objectVersion = 46;
	objects = {

/* Begin PBXBuildFile section */
		961237851EB95E1300FD4418 /* BBTransmission.swift in Sources */ = {isa = PBXBuildFile; fileRef = 961237841EB95E1300FD4418 /* BBTransmission.swift */; };
		962A4A171EB573900036E49A /* BBBeanController.swift in Sources */ = {isa = PBXBuildFile; fileRef = 962A4A161EB573900036E49A /* BBBeanController.swift */; };
		96C0A7761E9D50DF00F1F059 /* BBExtensions.swift in Sources */ = {isa = PBXBuildFile; fileRef = 96C0A7751E9D50DF00F1F059 /* BBExtensions.swift */; };
		96C0A7791E9D53E900F1F059 /* BBColors.swift in Sources */ = {isa = PBXBuildFile; fileRef = 96C0A7781E9D53E900F1F059 /* BBColors.swift */; };
		96C0A7811E9D77DC00F1F059 /* Bean_iOS_OSX_SDK.framework in Frameworks */ = {isa = PBXBuildFile; fileRef = 96C0A77F1E9D77DC00F1F059 /* Bean_iOS_OSX_SDK.framework */; };
		96C0A7821E9D77DC00F1F059 /* RPCircularProgress.framework in Frameworks */ = {isa = PBXBuildFile; fileRef = 96C0A7801E9D77DC00F1F059 /* RPCircularProgress.framework */; };
		96E01E6E1E9C05F3008675C7 /* AppDelegate.swift in Sources */ = {isa = PBXBuildFile; fileRef = 96E01E6D1E9C05F3008675C7 /* AppDelegate.swift */; };
		96E01E701E9C05F3008675C7 /* BBPairController.swift in Sources */ = {isa = PBXBuildFile; fileRef = 96E01E6F1E9C05F3008675C7 /* BBPairController.swift */; };
		96E01E731E9C05F3008675C7 /* Main.storyboard in Resources */ = {isa = PBXBuildFile; fileRef = 96E01E711E9C05F3008675C7 /* Main.storyboard */; };
		96E01E751E9C05F3008675C7 /* Assets.xcassets in Resources */ = {isa = PBXBuildFile; fileRef = 96E01E741E9C05F3008675C7 /* Assets.xcassets */; };
		96E01E781E9C05F3008675C7 /* LaunchScreen.storyboard in Resources */ = {isa = PBXBuildFile; fileRef = 96E01E761E9C05F3008675C7 /* LaunchScreen.storyboard */; };
		96E01E801E9C0B1C008675C7 /* plasma.gif in Resources */ = {isa = PBXBuildFile; fileRef = 96E01E7F1E9C0B1C008675C7 /* plasma.gif */; };
		DD70BC099249453AE90D8AC1 /* Pods_BuzzBand.framework in Frameworks */ = {isa = PBXBuildFile; fileRef = DC6F2773E5E81367AACC3FDE /* Pods_BuzzBand.framework */; };
/* End PBXBuildFile section */

/* Begin PBXFileReference section */
		18A30F011EF9030FC76C2F89 /* Pods-BuzzBand.debug.xcconfig */ = {isa = PBXFileReference; includeInIndex = 1; lastKnownFileType = text.xcconfig; name = "Pods-BuzzBand.debug.xcconfig"; path = "Pods/Target Support Files/Pods-BuzzBand/Pods-BuzzBand.debug.xcconfig"; sourceTree = "<group>"; };
		9612377D1EB5C09C00FD4418 /* BuzzBand-Bridging-Header.h */ = {isa = PBXFileReference; fileEncoding = 4; lastKnownFileType = sourcecode.c.h; path = "BuzzBand-Bridging-Header.h"; sourceTree = "<group>"; };
		9612377E1EB637BD00FD4418 /* CountdownLabel.framework */ = {isa = PBXFileReference; lastKnownFileType = wrapper.framework; name = CountdownLabel.framework; path = "../../../../Library/Developer/Xcode/DerivedData/BuzzBand-aiavzfzuovakjwcpxdldjnqtzlqi/Build/Products/Debug-iphoneos/CountdownLabel/CountdownLabel.framework"; sourceTree = "<group>"; };
		961237841EB95E1300FD4418 /* BBTransmission.swift */ = {isa = PBXFileReference; fileEncoding = 4; lastKnownFileType = sourcecode.swift; path = BBTransmission.swift; sourceTree = "<group>"; };
		962A4A161EB573900036E49A /* BBBeanController.swift */ = {isa = PBXFileReference; fileEncoding = 4; lastKnownFileType = sourcecode.swift; path = BBBeanController.swift; sourceTree = "<group>"; };
		96C0A7751E9D50DF00F1F059 /* BBExtensions.swift */ = {isa = PBXFileReference; fileEncoding = 4; lastKnownFileType = sourcecode.swift; path = BBExtensions.swift; sourceTree = "<group>"; };
		96C0A7781E9D53E900F1F059 /* BBColors.swift */ = {isa = PBXFileReference; fileEncoding = 4; lastKnownFileType = sourcecode.swift; path = BBColors.swift; sourceTree = "<group>"; };
		96C0A77F1E9D77DC00F1F059 /* Bean_iOS_OSX_SDK.framework */ = {isa = PBXFileReference; lastKnownFileType = wrapper.framework; name = Bean_iOS_OSX_SDK.framework; path = "../../../../Library/Developer/Xcode/DerivedData/BuzzBand-aiavzfzuovakjwcpxdldjnqtzlqi/Build/Products/Debug-iphonesimulator/Bean-iOS-OSX-SDK/Bean_iOS_OSX_SDK.framework"; sourceTree = "<group>"; };
		96C0A7801E9D77DC00F1F059 /* RPCircularProgress.framework */ = {isa = PBXFileReference; lastKnownFileType = wrapper.framework; name = RPCircularProgress.framework; path = "../../../../Library/Developer/Xcode/DerivedData/BuzzBand-aiavzfzuovakjwcpxdldjnqtzlqi/Build/Products/Debug-iphonesimulator/RPCircularProgress/RPCircularProgress.framework"; sourceTree = "<group>"; };
		96E01E6A1E9C05F3008675C7 /* BuzzBand.app */ = {isa = PBXFileReference; explicitFileType = wrapper.application; includeInIndex = 0; path = BuzzBand.app; sourceTree = BUILT_PRODUCTS_DIR; };
		96E01E6D1E9C05F3008675C7 /* AppDelegate.swift */ = {isa = PBXFileReference; lastKnownFileType = sourcecode.swift; path = AppDelegate.swift; sourceTree = "<group>"; };
		96E01E6F1E9C05F3008675C7 /* BBPairController.swift */ = {isa = PBXFileReference; lastKnownFileType = sourcecode.swift; path = BBPairController.swift; sourceTree = "<group>"; };
		96E01E721E9C05F3008675C7 /* Base */ = {isa = PBXFileReference; lastKnownFileType = file.storyboard; name = Base; path = Base.lproj/Main.storyboard; sourceTree = "<group>"; };
		96E01E741E9C05F3008675C7 /* Assets.xcassets */ = {isa = PBXFileReference; lastKnownFileType = folder.assetcatalog; path = Assets.xcassets; sourceTree = "<group>"; };
		96E01E771E9C05F3008675C7 /* Base */ = {isa = PBXFileReference; lastKnownFileType = file.storyboard; name = Base; path = Base.lproj/LaunchScreen.storyboard; sourceTree = "<group>"; };
		96E01E791E9C05F3008675C7 /* Info.plist */ = {isa = PBXFileReference; lastKnownFileType = text.plist.xml; path = Info.plist; sourceTree = "<group>"; };
		96E01E7F1E9C0B1C008675C7 /* plasma.gif */ = {isa = PBXFileReference; lastKnownFileType = image.gif; name = plasma.gif; path = ../../../../Downloads/plasma.gif; sourceTree = "<group>"; };
		BA591F7923D02D09E39AD295 /* Pods-BuzzBand.release.xcconfig */ = {isa = PBXFileReference; includeInIndex = 1; lastKnownFileType = text.xcconfig; name = "Pods-BuzzBand.release.xcconfig"; path = "Pods/Target Support Files/Pods-BuzzBand/Pods-BuzzBand.release.xcconfig"; sourceTree = "<group>"; };
		DC6F2773E5E81367AACC3FDE /* Pods_BuzzBand.framework */ = {isa = PBXFileReference; explicitFileType = wrapper.framework; includeInIndex = 0; path = Pods_BuzzBand.framework; sourceTree = BUILT_PRODUCTS_DIR; };
/* End PBXFileReference section */

/* Begin PBXFrameworksBuildPhase section */
		96E01E671E9C05F3008675C7 /* Frameworks */ = {
			isa = PBXFrameworksBuildPhase;
			buildActionMask = 2147483647;
			files = (
				96C0A7811E9D77DC00F1F059 /* Bean_iOS_OSX_SDK.framework in Frameworks */,
				96C0A7821E9D77DC00F1F059 /* RPCircularProgress.framework in Frameworks */,
				DD70BC099249453AE90D8AC1 /* Pods_BuzzBand.framework in Frameworks */,
			);
			runOnlyForDeploymentPostprocessing = 0;
		};
/* End PBXFrameworksBuildPhase section */

/* Begin PBXGroup section */
		96C0A7741E9D503F00F1F059 /* Resources */ = {
			isa = PBXGroup;
			children = (
				96E01E7F1E9C0B1C008675C7 /* plasma.gif */,
			);
			name = Resources;
			sourceTree = "<group>";
		};
		96C0A7771E9D53DA00F1F059 /* helper */ = {
			isa = PBXGroup;
			children = (
				96C0A7781E9D53E900F1F059 /* BBColors.swift */,
			);
			name = helper;
			sourceTree = "<group>";
		};
		96E01E611E9C05F3008675C7 = {
			isa = PBXGroup;
			children = (
				96C0A7741E9D503F00F1F059 /* Resources */,
				96E01E6C1E9C05F3008675C7 /* BuzzBand */,
				96E01E6B1E9C05F3008675C7 /* Products */,
				E84273DE032166413467C888 /* Pods */,
				DFCED5DC17CA5C593F6DA432 /* Frameworks */,
			);
			sourceTree = "<group>";
		};
		96E01E6B1E9C05F3008675C7 /* Products */ = {
			isa = PBXGroup;
			children = (
				96E01E6A1E9C05F3008675C7 /* BuzzBand.app */,
			);
			name = Products;
			sourceTree = "<group>";
		};
		96E01E6C1E9C05F3008675C7 /* BuzzBand */ = {
			isa = PBXGroup;
			children = (
				96C0A7771E9D53DA00F1F059 /* helper */,
				96E01E6D1E9C05F3008675C7 /* AppDelegate.swift */,
				96E01E6F1E9C05F3008675C7 /* BBPairController.swift */,
				962A4A161EB573900036E49A /* BBBeanController.swift */,
				96C0A7751E9D50DF00F1F059 /* BBExtensions.swift */,
				961237841EB95E1300FD4418 /* BBTransmission.swift */,
				96E01E711E9C05F3008675C7 /* Main.storyboard */,
				96E01E761E9C05F3008675C7 /* LaunchScreen.storyboard */,
				96E01E741E9C05F3008675C7 /* Assets.xcassets */,
				96E01E791E9C05F3008675C7 /* Info.plist */,
				9612377D1EB5C09C00FD4418 /* BuzzBand-Bridging-Header.h */,
			);
			path = BuzzBand;
			sourceTree = "<group>";
		};
		DFCED5DC17CA5C593F6DA432 /* Frameworks */ = {
			isa = PBXGroup;
			children = (
				9612377E1EB637BD00FD4418 /* CountdownLabel.framework */,
				96C0A77F1E9D77DC00F1F059 /* Bean_iOS_OSX_SDK.framework */,
				96C0A7801E9D77DC00F1F059 /* RPCircularProgress.framework */,
				DC6F2773E5E81367AACC3FDE /* Pods_BuzzBand.framework */,
			);
			name = Frameworks;
			sourceTree = "<group>";
		};
		E84273DE032166413467C888 /* Pods */ = {
			isa = PBXGroup;
			children = (
				18A30F011EF9030FC76C2F89 /* Pods-BuzzBand.debug.xcconfig */,
				BA591F7923D02D09E39AD295 /* Pods-BuzzBand.release.xcconfig */,
			);
			name = Pods;
			sourceTree = "<group>";
		};
/* End PBXGroup section */

/* Begin PBXNativeTarget section */
		96E01E691E9C05F3008675C7 /* BuzzBand */ = {
			isa = PBXNativeTarget;
			buildConfigurationList = 96E01E7C1E9C05F3008675C7 /* Build configuration list for PBXNativeTarget "BuzzBand" */;
			buildPhases = (
				7F32F68368B1BBF2C9D71D05 /* [CP] Check Pods Manifest.lock */,
				96E01E661E9C05F3008675C7 /* Sources */,
				96E01E671E9C05F3008675C7 /* Frameworks */,
				96E01E681E9C05F3008675C7 /* Resources */,
				DCFD92EF384F516828A07B77 /* [CP] Embed Pods Frameworks */,
				BAE1F40167FC5FF85E5540EE /* [CP] Copy Pods Resources */,
			);
			buildRules = (
			);
			dependencies = (
			);
			name = BuzzBand;
			productName = BuzzBand;
			productReference = 96E01E6A1E9C05F3008675C7 /* BuzzBand.app */;
			productType = "com.apple.product-type.application";
		};
/* End PBXNativeTarget section */

/* Begin PBXProject section */
		96E01E621E9C05F3008675C7 /* Project object */ = {
			isa = PBXProject;
			attributes = {
				LastSwiftUpdateCheck = 0830;
				LastUpgradeCheck = 0830;
				ORGANIZATIONNAME = "Arnold Balliu";
				TargetAttributes = {
					96E01E691E9C05F3008675C7 = {
						CreatedOnToolsVersion = 8.3.1;
						DevelopmentTeam = WZD8A279B6;
						ProvisioningStyle = Automatic;
					};
				};
			};
			buildConfigurationList = 96E01E651E9C05F3008675C7 /* Build configuration list for PBXProject "BuzzBand" */;
			compatibilityVersion = "Xcode 3.2";
			developmentRegion = English;
			hasScannedForEncodings = 0;
			knownRegions = (
				en,
				Base,
			);
			mainGroup = 96E01E611E9C05F3008675C7;
			productRefGroup = 96E01E6B1E9C05F3008675C7 /* Products */;
			projectDirPath = "";
			projectRoot = "";
			targets = (
				96E01E691E9C05F3008675C7 /* BuzzBand */,
			);
		};
/* End PBXProject section */

/* Begin PBXResourcesBuildPhase section */
		96E01E681E9C05F3008675C7 /* Resources */ = {
			isa = PBXResourcesBuildPhase;
			buildActionMask = 2147483647;
			files = (
				96E01E781E9C05F3008675C7 /* LaunchScreen.storyboard in Resources */,
				96E01E751E9C05F3008675C7 /* Assets.xcassets in Resources */,
				96E01E731E9C05F3008675C7 /* Main.storyboard in Resources */,
				96E01E801E9C0B1C008675C7 /* plasma.gif in Resources */,
			);
			runOnlyForDeploymentPostprocessing = 0;
		};
/* End PBXResourcesBuildPhase section */

/* Begin PBXShellScriptBuildPhase section */
		7F32F68368B1BBF2C9D71D05 /* [CP] Check Pods Manifest.lock */ = {
			isa = PBXShellScriptBuildPhase;
			buildActionMask = 2147483647;
			files = (
			);
			inputPaths = (
			);
			name = "[CP] Check Pods Manifest.lock";
			outputPaths = (
			);
			runOnlyForDeploymentPostprocessing = 0;
			shellPath = /bin/sh;
			shellScript = "diff \"${PODS_ROOT}/../Podfile.lock\" \"${PODS_ROOT}/Manifest.lock\" > /dev/null\nif [ $? != 0 ] ; then\n    # print error to STDERR\n    echo \"error: The sandbox is not in sync with the Podfile.lock. Run 'pod install' or update your CocoaPods installation.\" >&2\n    exit 1\nfi\n";
			showEnvVarsInLog = 0;
		};
		BAE1F40167FC5FF85E5540EE /* [CP] Copy Pods Resources */ = {
			isa = PBXShellScriptBuildPhase;
			buildActionMask = 2147483647;
			files = (
			);
			inputPaths = (
			);
			name = "[CP] Copy Pods Resources";
			outputPaths = (
			);
			runOnlyForDeploymentPostprocessing = 0;
			shellPath = /bin/sh;
			shellScript = "\"${SRCROOT}/Pods/Target Support Files/Pods-BuzzBand/Pods-BuzzBand-resources.sh\"\n";
			showEnvVarsInLog = 0;
		};
		DCFD92EF384F516828A07B77 /* [CP] Embed Pods Frameworks */ = {
			isa = PBXShellScriptBuildPhase;
			buildActionMask = 2147483647;
			files = (
			);
			inputPaths = (
			);
			name = "[CP] Embed Pods Frameworks";
			outputPaths = (
			);
			runOnlyForDeploymentPostprocessing = 0;
			shellPath = /bin/sh;
			shellScript = "\"${SRCROOT}/Pods/Target Support Files/Pods-BuzzBand/Pods-BuzzBand-frameworks.sh\"\n";
			showEnvVarsInLog = 0;
		};
/* End PBXShellScriptBuildPhase section */

/* Begin PBXSourcesBuildPhase section */
		96E01E661E9C05F3008675C7 /* Sources */ = {
			isa = PBXSourcesBuildPhase;
			buildActionMask = 2147483647;
			files = (
				96E01E701E9C05F3008675C7 /* BBPairController.swift in Sources */,
				96C0A7761E9D50DF00F1F059 /* BBExtensions.swift in Sources */,
				96E01E6E1E9C05F3008675C7 /* AppDelegate.swift in Sources */,
				961237851EB95E1300FD4418 /* BBTransmission.swift in Sources */,
				96C0A7791E9D53E900F1F059 /* BBColors.swift in Sources */,
				962A4A171EB573900036E49A /* BBBeanController.swift in Sources */,
			);
			runOnlyForDeploymentPostprocessing = 0;
		};
/* End PBXSourcesBuildPhase section */

/* Begin PBXVariantGroup section */
		96E01E711E9C05F3008675C7 /* Main.storyboard */ = {
			isa = PBXVariantGroup;
			children = (
				96E01E721E9C05F3008675C7 /* Base */,
			);
			name = Main.storyboard;
			sourceTree = "<group>";
		};
		96E01E761E9C05F3008675C7 /* LaunchScreen.storyboard */ = {
			isa = PBXVariantGroup;
			children = (
				96E01E771E9C05F3008675C7 /* Base */,
			);
			name = LaunchScreen.storyboard;
			sourceTree = "<group>";
		};
/* End PBXVariantGroup section */

/* Begin XCBuildConfiguration section */
		96E01E7A1E9C05F3008675C7 /* Debug */ = {
			isa = XCBuildConfiguration;
			buildSettings = {
				ALWAYS_SEARCH_USER_PATHS = NO;
				CLANG_ANALYZER_NONNULL = YES;
				CLANG_ANALYZER_NUMBER_OBJECT_CONVERSION = YES_AGGRESSIVE;
				CLANG_CXX_LANGUAGE_STANDARD = "gnu++0x";
				CLANG_CXX_LIBRARY = "libc++";
				CLANG_ENABLE_MODULES = YES;
				CLANG_ENABLE_OBJC_ARC = YES;
				CLANG_WARN_BOOL_CONVERSION = YES;
				CLANG_WARN_CONSTANT_CONVERSION = YES;
				CLANG_WARN_DIRECT_OBJC_ISA_USAGE = YES_ERROR;
				CLANG_WARN_DOCUMENTATION_COMMENTS = YES;
				CLANG_WARN_EMPTY_BODY = YES;
				CLANG_WARN_ENUM_CONVERSION = YES;
				CLANG_WARN_INFINITE_RECURSION = YES;
				CLANG_WARN_INT_CONVERSION = YES;
				CLANG_WARN_OBJC_ROOT_CLASS = YES_ERROR;
				CLANG_WARN_SUSPICIOUS_MOVE = YES;
				CLANG_WARN_UNREACHABLE_CODE = YES;
				CLANG_WARN__DUPLICATE_METHOD_MATCH = YES;
				"CODE_SIGN_IDENTITY[sdk=iphoneos*]" = "iPhone Developer";
				COPY_PHASE_STRIP = NO;
				DEBUG_INFORMATION_FORMAT = dwarf;
				ENABLE_STRICT_OBJC_MSGSEND = YES;
				ENABLE_TESTABILITY = YES;
				GCC_C_LANGUAGE_STANDARD = gnu99;
				GCC_DYNAMIC_NO_PIC = NO;
				GCC_NO_COMMON_BLOCKS = YES;
				GCC_OPTIMIZATION_LEVEL = 0;
				GCC_PREPROCESSOR_DEFINITIONS = (
					"DEBUG=1",
					"$(inherited)",
				);
				GCC_WARN_64_TO_32_BIT_CONVERSION = YES;
				GCC_WARN_ABOUT_RETURN_TYPE = YES_ERROR;
				GCC_WARN_UNDECLARED_SELECTOR = YES;
				GCC_WARN_UNINITIALIZED_AUTOS = YES_AGGRESSIVE;
				GCC_WARN_UNUSED_FUNCTION = YES;
				GCC_WARN_UNUSED_VARIABLE = YES;
				IPHONEOS_DEPLOYMENT_TARGET = 10.3;
				MTL_ENABLE_DEBUG_INFO = YES;
				ONLY_ACTIVE_ARCH = YES;
				SDKROOT = iphoneos;
				SWIFT_ACTIVE_COMPILATION_CONDITIONS = DEBUG;
				SWIFT_OPTIMIZATION_LEVEL = "-Onone";
				TARGETED_DEVICE_FAMILY = "1,2";
			};
			name = Debug;
		};
		96E01E7B1E9C05F3008675C7 /* Release */ = {
			isa = XCBuildConfiguration;
			buildSettings = {
				ALWAYS_SEARCH_USER_PATHS = NO;
				CLANG_ANALYZER_NONNULL = YES;
				CLANG_ANALYZER_NUMBER_OBJECT_CONVERSION = YES_AGGRESSIVE;
				CLANG_CXX_LANGUAGE_STANDARD = "gnu++0x";
				CLANG_CXX_LIBRARY = "libc++";
				CLANG_ENABLE_MODULES = YES;
				CLANG_ENABLE_OBJC_ARC = YES;
				CLANG_WARN_BOOL_CONVERSION = YES;
				CLANG_WARN_CONSTANT_CONVERSION = YES;
				CLANG_WARN_DIRECT_OBJC_ISA_USAGE = YES_ERROR;
				CLANG_WARN_DOCUMENTATION_COMMENTS = YES;
				CLANG_WARN_EMPTY_BODY = YES;
				CLANG_WARN_ENUM_CONVERSION = YES;
				CLANG_WARN_INFINITE_RECURSION = YES;
				CLANG_WARN_INT_CONVERSION = YES;
				CLANG_WARN_OBJC_ROOT_CLASS = YES_ERROR;
				CLANG_WARN_SUSPICIOUS_MOVE = YES;
				CLANG_WARN_UNREACHABLE_CODE = YES;
				CLANG_WARN__DUPLICATE_METHOD_MATCH = YES;
				"CODE_SIGN_IDENTITY[sdk=iphoneos*]" = "iPhone Developer";
				COPY_PHASE_STRIP = NO;
				DEBUG_INFORMATION_FORMAT = "dwarf-with-dsym";
				ENABLE_NS_ASSERTIONS = NO;
				ENABLE_STRICT_OBJC_MSGSEND = YES;
				GCC_C_LANGUAGE_STANDARD = gnu99;
				GCC_NO_COMMON_BLOCKS = YES;
				GCC_WARN_64_TO_32_BIT_CONVERSION = YES;
				GCC_WARN_ABOUT_RETURN_TYPE = YES_ERROR;
				GCC_WARN_UNDECLARED_SELECTOR = YES;
				GCC_WARN_UNINITIALIZED_AUTOS = YES_AGGRESSIVE;
				GCC_WARN_UNUSED_FUNCTION = YES;
				GCC_WARN_UNUSED_VARIABLE = YES;
				IPHONEOS_DEPLOYMENT_TARGET = 10.3;
				MTL_ENABLE_DEBUG_INFO = NO;
				SDKROOT = iphoneos;
				SWIFT_OPTIMIZATION_LEVEL = "-Owholemodule";
				TARGETED_DEVICE_FAMILY = "1,2";
				VALIDATE_PRODUCT = YES;
			};
			name = Release;
		};
		96E01E7D1E9C05F3008675C7 /* Debug */ = {
			isa = XCBuildConfiguration;
			baseConfigurationReference = 18A30F011EF9030FC76C2F89 /* Pods-BuzzBand.debug.xcconfig */;
			buildSettings = {
				ASSETCATALOG_COMPILER_APPICON_NAME = AppIcon;
				DEVELOPMENT_TEAM = WZD8A279B6;
				INFOPLIST_FILE = BuzzBand/Info.plist;
				IPHONEOS_DEPLOYMENT_TARGET = 10.3;
				LD_RUNPATH_SEARCH_PATHS = "$(inherited) @executable_path/Frameworks";
				PRODUCT_BUNDLE_IDENTIFIER = com.arn95.BuzzBand;
				PRODUCT_NAME = "$(TARGET_NAME)";
				SWIFT_OBJC_BRIDGING_HEADER = "BuzzBand/BuzzBand-Bridging-Header.h";
				SWIFT_VERSION = 3.0;
				TARGETED_DEVICE_FAMILY = "1,2";
			};
			name = Debug;
		};
		96E01E7E1E9C05F3008675C7 /* Release */ = {
			isa = XCBuildConfiguration;
			baseConfigurationReference = BA591F7923D02D09E39AD295 /* Pods-BuzzBand.release.xcconfig */;
			buildSettings = {
				ASSETCATALOG_COMPILER_APPICON_NAME = AppIcon;
				DEVELOPMENT_TEAM = WZD8A279B6;
				INFOPLIST_FILE = BuzzBand/Info.plist;
				IPHONEOS_DEPLOYMENT_TARGET = 10.3;
				LD_RUNPATH_SEARCH_PATHS = "$(inherited) @executable_path/Frameworks";
				PRODUCT_BUNDLE_IDENTIFIER = com.arn95.BuzzBand;
				PRODUCT_NAME = "$(TARGET_NAME)";
				SWIFT_OBJC_BRIDGING_HEADER = "BuzzBand/BuzzBand-Bridging-Header.h";
				SWIFT_VERSION = 3.0;
				TARGETED_DEVICE_FAMILY = "1,2";
			};
			name = Release;
		};
/* End XCBuildConfiguration section */

/* Begin XCConfigurationList section */
		96E01E651E9C05F3008675C7 /* Build configuration list for PBXProject "BuzzBand" */ = {
			isa = XCConfigurationList;
			buildConfigurations = (
				96E01E7A1E9C05F3008675C7 /* Debug */,
				96E01E7B1E9C05F3008675C7 /* Release */,
			);
			defaultConfigurationIsVisible = 0;
			defaultConfigurationName = Release;
		};
		96E01E7C1E9C05F3008675C7 /* Build configuration list for PBXNativeTarget "BuzzBand" */ = {
			isa = XCConfigurationList;
			buildConfigurations = (
				96E01E7D1E9C05F3008675C7 /* Debug */,
				96E01E7E1E9C05F3008675C7 /* Release */,
			);
			defaultConfigurationIsVisible = 0;
			defaultConfigurationName = Release;
		};
/* End XCConfigurationList section */
	};
	rootObject = 96E01E621E9C05F3008675C7 /* Project object */;
}
